
Microsoft Visual Studio Solution File, Format Version 12.00
# Visual Studio Version 17
VisualStudioVersion = 17.11.35303.130
MinimumVisualStudioVersion = 10.0.40219.1
Project("{8BC9CEB8-8B4A-11D0-8D11-00A0C91BC942}") = "task1", "task1\task1.vcxproj", "{2CE7C6D3-A5A9-4FB7-AA75-0C2AB7131E98}"
EndProject
Project("{8BC9CEB8-8B4A-11D0-8D11-00A0C91BC942}") = "task2", "task2\task2.vcxproj", "{1A7FB724-C328-4CC4-96D6-A6208DCC2A1A}"
EndProject
Project("{8BC9CEB8-8B4A-11D0-8D11-00A0C91BC942}") = "task3", "task3\task3.vcxproj", "{695F4D0E-AD3C-47E9-8EC6-74D49C19259B}"
EndProject
Project("{8BC9CEB8-8B4A-11D0-8D11-00A0C91BC942}") = "task4", "task4\task4.vcxproj", "{D360DFA6-7705-4743-AB54-B4F1290BB859}"
EndProject
Project("{8BC9CEB8-8B4A-11D0-8D11-00A0C91BC942}") = "task5", "task5\task5.vcxproj", "{A34CF8CA-1725-4689-AA9C-9DFF63E14FB4}"
EndProject
Project("{8BC9CEB8-8B4A-11D0-8D11-00A0C91BC942}") = "task6", "task6\task6.vcxproj", "{726C930D-30B5-4815-85A7-32F75586559A}"
EndProject
Project("{8BC9CEB8-8B4A-11D0-8D11-00A0C91BC942}") = "task7", "task7\task7.vcxproj", "{6E6F442D-415B-407F-A33D-DCCF03C0AAE7}"
EndProject
Project("{8BC9CEB8-8B4A-11D0-8D11-00A0C91BC942}") = "task8", "task8\task8.vcxproj", "{421E42F7-7F38-4621-B282-DC59E7D7727B}"
EndProject
Project("{8BC9CEB8-8B4A-11D0-8D11-00A0C91BC942}") = "task9", "task9\task9.vcxproj", "{BD65CB67-F4C7-4764-ABFC-9655FC00C5F7}"
EndProject
Project("{8BC9CEB8-8B4A-11D0-8D11-00A0C91BC942}") = "task10", "task10\task10.vcxproj", "{6774770D-F20C-4C46-BFA8-C0CE70E9C274}"
EndProject
Global
	GlobalSection(SolutionConfigurationPlatforms) = preSolution
		Debug|x64 = Debug|x64
		Debug|x86 = Debug|x86
		Release|x64 = Release|x64
		Release|x86 = Release|x86
	EndGlobalSection
	GlobalSection(ProjectConfigurationPlatforms) = postSolution
		{2CE7C6D3-A5A9-4FB7-AA75-0C2AB7131E98}.Debug|x64.ActiveCfg = Debug|x64
		{2CE7C6D3-A5A9-4FB7-AA75-0C2AB7131E98}.Debug|x64.Build.0 = Debug|x64
		{2CE7C6D3-A5A9-4FB7-AA75-0C2AB7131E98}.Debug|x86.ActiveCfg = Debug|Win32
		{2CE7C6D3-A5A9-4FB7-AA75-0C2AB7131E98}.Debug|x86.Build.0 = Debug|Win32
		{2CE7C6D3-A5A9-4FB7-AA75-0C2AB7131E98}.Release|x64.ActiveCfg = Release|x64
		{2CE7C6D3-A5A9-4FB7-AA75-0C2AB7131E98}.Release|x64.Build.0 = Release|x64
		{2CE7C6D3-A5A9-4FB7-AA75-0C2AB7131E98}.Release|x86.ActiveCfg = Release|Win32
		{2CE7C6D3-A5A9-4FB7-AA75-0C2AB7131E98}.Release|x86.Build.0 = Release|Win32
		{1A7FB724-C328-4CC4-96D6-A6208DCC2A1A}.Debug|x64.ActiveCfg = Debug|x64
		{1A7FB724-C328-4CC4-96D6-A6208DCC2A1A}.Debug|x64.Build.0 = Debug|x64
		{1A7FB724-C328-4CC4-96D6-A6208DCC2A1A}.Debug|x86.ActiveCfg = Debug|Win32
		{1A7FB724-C328-4CC4-96D6-A6208DCC2A1A}.Debug|x86.Build.0 = Debug|Win32
		{1A7FB724-C328-4CC4-96D6-A6208DCC2A1A}.Release|x64.ActiveCfg = Release|x64
		{1A7FB724-C328-4CC4-96D6-A6208DCC2A1A}.Release|x64.Build.0 = Release|x64
		{1A7FB724-C328-4CC4-96D6-A6208DCC2A1A}.Release|x86.ActiveCfg = Release|Win32
		{1A7FB724-C328-4CC4-96D6-A6208DCC2A1A}.Release|x86.Build.0 = Release|Win32
		{695F4D0E-AD3C-47E9-8EC6-74D49C19259B}.Debug|x64.ActiveCfg = Debug|x64
		{695F4D0E-AD3C-47E9-8EC6-74D49C19259B}.Debug|x64.Build.0 = Debug|x64
		{695F4D0E-AD3C-47E9-8EC6-74D49C19259B}.Debug|x86.ActiveCfg = Debug|Win32
		{695F4D0E-AD3C-47E9-8EC6-74D49C19259B}.Debug|x86.Build.0 = Debug|Win32
		{695F4D0E-AD3C-47E9-8EC6-74D49C19259B}.Release|x64.ActiveCfg = Release|x64
		{695F4D0E-AD3C-47E9-8EC6-74D49C19259B}.Release|x64.Build.0 = Release|x64
		{695F4D0E-AD3C-47E9-8EC6-74D49C19259B}.Release|x86.ActiveCfg = Release|Win32
		{695F4D0E-AD3C-47E9-8EC6-74D49C19259B}.Release|x86.Build.0 = Release|Win32
		{D360DFA6-7705-4743-AB54-B4F1290BB859}.Debug|x64.ActiveCfg = Debug|x64
		{D360DFA6-7705-4743-AB54-B4F1290BB859}.Debug|x64.Build.0 = Debug|x64
		{D360DFA6-7705-4743-AB54-B4F1290BB859}.Debug|x86.ActiveCfg = Debug|Win32
		{D360DFA6-7705-4743-AB54-B4F1290BB859}.Debug|x86.Build.0 = Debug|Win32
		{D360DFA6-7705-4743-AB54-B4F1290BB859}.Release|x64.ActiveCfg = Release|x64
		{D360DFA6-7705-4743-AB54-B4F1290BB859}.Release|x64.Build.0 = Release|x64
		{D360DFA6-7705-4743-AB54-B4F1290BB859}.Release|x86.ActiveCfg = Release|Win32
		{D360DFA6-7705-4743-AB54-B4F1290BB859}.Release|x86.Build.0 = Release|Win32
		{A34CF8CA-1725-4689-AA9C-9DFF63E14FB4}.Debug|x64.ActiveCfg = Debug|x64
		{A34CF8CA-1725-4689-AA9C-9DFF63E14FB4}.Debug|x64.Build.0 = Debug|x64
		{A34CF8CA-1725-4689-AA9C-9DFF63E14FB4}.Debug|x86.ActiveCfg = Debug|Win32
		{A34CF8CA-1725-4689-AA9C-9DFF63E14FB4}.Debug|x86.Build.0 = Debug|Win32
		{A34CF8CA-1725-4689-AA9C-9DFF63E14FB4}.Release|x64.ActiveCfg = Release|x64
		{A34CF8CA-1725-4689-AA9C-9DFF63E14FB4}.Release|x64.Build.0 = Release|x64
		{A34CF8CA-1725-4689-AA9C-9DFF63E14FB4}.Release|x86.ActiveCfg = Release|Win32
		{A34CF8CA-1725-4689-AA9C-9DFF63E14FB4}.Release|x86.Build.0 = Release|Win32
		{726C930D-30B5-4815-85A7-32F75586559A}.Debug|x64.ActiveCfg = Debug|x64
		{726C930D-30B5-4815-85A7-32F75586559A}.Debug|x64.Build.0 = Debug|x64
		{726C930D-30B5-4815-85A7-32F75586559A}.Debug|x86.ActiveCfg = Debug|Win32
		{726C930D-30B5-4815-85A7-32F75586559A}.Debug|x86.Build.0 = Debug|Win32
		{726C930D-30B5-4815-85A7-32F75586559A}.Release|x64.ActiveCfg = Release|x64
		{726C930D-30B5-4815-85A7-32F75586559A}.Release|x64.Build.0 = Release|x64
		{726C930D-30B5-4815-85A7-32F75586559A}.Release|x86.ActiveCfg = Release|Win32
		{726C930D-30B5-4815-85A7-32F75586559A}.Release|x86.Build.0 = Release|Win32
		{6E6F442D-415B-407F-A33D-DCCF03C0AAE7}.Debug|x64.ActiveCfg = Debug|x64
		{6E6F442D-415B-407F-A33D-DCCF03C0AAE7}.Debug|x64.Build.0 = Debug|x64
		{6E6F442D-415B-407F-A33D-DCCF03C0AAE7}.Debug|x86.ActiveCfg = Debug|Win32
		{6E6F442D-415B-407F-A33D-DCCF03C0AAE7}.Debug|x86.Build.0 = Debug|Win32
		{6E6F442D-415B-407F-A33D-DCCF03C0AAE7}.Release|x64.ActiveCfg = Release|x64
		{6E6F442D-415B-407F-A33D-DCCF03C0AAE7}.Release|x64.Build.0 = Release|x64
		{6E6F442D-415B-407F-A33D-DCCF03C0AAE7}.Release|x86.ActiveCfg = Release|Win32
		{6E6F442D-415B-407F-A33D-DCCF03C0AAE7}.Release|x86.Build.0 = Release|Win32
		{421E42F7-7F38-4621-B282-DC59E7D7727B}.Debug|x64.ActiveCfg = Debug|x64
		{421E42F7-7F38-4621-B282-DC59E7D7727B}.Debug|x64.Build.0 = Debug|x64
		{421E42F7-7F38-4621-B282-DC59E7D7727B}.Debug|x86.ActiveCfg = Debug|Win32
		{421E42F7-7F38-4621-B282-DC59E7D7727B}.Debug|x86.Build.0 = Debug|Win32
		{421E42F7-7F38-4621-B282-DC59E7D7727B}.Release|x64.ActiveCfg = Release|x64
		{421E42F7-7F38-4621-B282-DC59E7D7727B}.Release|x64.Build.0 = Release|x64
		{421E42F7-7F38-4621-B282-DC59E7D7727B}.Release|x86.ActiveCfg = Release|Win32
		{421E42F7-7F38-4621-B282-DC59E7D7727B}.Release|x86.Build.0 = Release|Win32
		{BD65CB67-F4C7-4764-ABFC-9655FC00C5F7}.Debug|x64.ActiveCfg = Debug|x64
		{BD65CB67-F4C7-4764-ABFC-9655FC00C5F7}.Debug|x64.Build.0 = Debug|x64
		{BD65CB67-F4C7-4764-ABFC-9655FC00C5F7}.Debug|x86.ActiveCfg = Debug|Win32
		{BD65CB67-F4C7-4764-ABFC-9655FC00C5F7}.Debug|x86.Build.0 = Debug|Win32
		{BD65CB67-F4C7-4764-ABFC-9655FC00C5F7}.Release|x64.ActiveCfg = Release|x64
		{BD65CB67-F4C7-4764-ABFC-9655FC00C5F7}.Release|x64.Build.0 = Release|x64
		{BD65CB67-F4C7-4764-ABFC-9655FC00C5F7}.Release|x86.ActiveCfg = Release|Win32
		{BD65CB67-F4C7-4764-ABFC-9655FC00C5F7}.Release|x86.Build.0 = Release|Win32
		{6774770D-F20C-4C46-BFA8-C0CE70E9C274}.Debug|x64.ActiveCfg = Debug|x64
		{6774770D-F20C-4C46-BFA8-C0CE70E9C274}.Debug|x64.Build.0 = Debug|x64
		{6774770D-F20C-4C46-BFA8-C0CE70E9C274}.Debug|x86.ActiveCfg = Debug|Win32
		{6774770D-F20C-4C46-BFA8-C0CE70E9C274}.Debug|x86.Build.0 = Debug|Win32
		{6774770D-F20C-4C46-BFA8-C0CE70E9C274}.Release|x64.ActiveCfg = Release|x64
		{6774770D-F20C-4C46-BFA8-C0CE70E9C274}.Release|x64.Build.0 = Release|x64
		{6774770D-F20C-4C46-BFA8-C0CE70E9C274}.Release|x86.ActiveCfg = Release|Win32
		{6774770D-F20C-4C46-BFA8-C0CE70E9C274}.Release|x86.Build.0 = Release|Win32
	EndGlobalSection
	GlobalSection(SolutionProperties) = preSolution
		HideSolutionNode = FALSE
	EndGlobalSection
	GlobalSection(ExtensibilityGlobals) = postSolution
		SolutionGuid = {894B05DC-056E-42C5-B601-1A677D8A9B32}
	EndGlobalSection
EndGlobal
